
Microsoft Visual Studio Solution File, Format Version 12.00
# Visual Studio Version 17
VisualStudioVersion = 17.14.36414.22
MinimumVisualStudioVersion = 10.0.40219.1
Project("{2150E333-8FDC-42A3-9474-1A3956D46DE8}") = "Task0", "Task0", "{02EA681E-C7D8-13C7-8484-4AC65E1B71E8}"
EndProject
Project("{FAE04EC0-301F-11D3-BF4B-00C04F79EFBC}") = "Tyuiu.KolganenkoRV.Sprint5.Task0.V5", "Tyuiu.KolganenkoRV.Sprint5.Task0.V5\Tyuiu.KolganenkoRV.Sprint5.Task0.V5.csproj", "{9A69A2EB-A9E6-470C-AE58-BC6915007653}"
EndProject
Project("{FAE04EC0-301F-11D3-BF4B-00C04F79EFBC}") = "Tyuiu.KolganenkoRV.Sprint5.Task0.V5.Lib", "Tyuiu.KolganenkoRV.Sprint5.Task0.V5.Lib\Tyuiu.KolganenkoRV.Sprint5.Task0.V5.Lib.csproj", "{D3F4EC17-1FC6-4D46-81F9-A102F09D2559}"
EndProject
Project("{FAE04EC0-301F-11D3-BF4B-00C04F79EFBC}") = "Tyuiu.KolganenkoRV.Sprint5.Task0.V5.Test", "Tyuiu.KolganenkoRV.Sprint5.Task0.V5.Test\Tyuiu.KolganenkoRV.Sprint5.Task0.V5.Test.csproj", "{C50DB869-C11E-4321-B9FD-AB7D4EF20AD7}"
EndProject
Project("{2150E333-8FDC-42A3-9474-1A3956D46DE8}") = "Task1", "Task1", "{8D6A16D2-5701-4632-9C1B-58738C756555}"
EndProject
Project("{FAE04EC0-301F-11D3-BF4B-00C04F79EFBC}") = "Tyuiu.KolganenkoRV.Sprint5.Task1.V21", "Tyuiu.KolganenkoRV.Sprint5.Task1.V21\Tyuiu.KolganenkoRV.Sprint5.Task1.V21.csproj", "{4CBCD7A2-88BD-4314-8888-16E331DE9B49}"
EndProject
Project("{FAE04EC0-301F-11D3-BF4B-00C04F79EFBC}") = "Tyuiu.KolganenkoRV.Sprint5.Task1.V21.Lib", "Tyuiu.KolganenkoRV.Sprint5.Task1.V21.Lib\Tyuiu.KolganenkoRV.Sprint5.Task1.V21.Lib.csproj", "{4FFAB49A-9DA7-4BF9-91FB-E8E960E7342B}"
EndProject
Project("{FAE04EC0-301F-11D3-BF4B-00C04F79EFBC}") = "Tyuiu.KolganenkoRV.Sprint5.Task1.V21.Test", "Tyuiu.KolganenkoRV.Sprint5.Task1.V21.Test\Tyuiu.KolganenkoRV.Sprint5.Task1.V21.Test.csproj", "{8D9358D5-C0C8-4094-B197-8CFBDA97734B}"
EndProject
Project("{2150E333-8FDC-42A3-9474-1A3956D46DE8}") = "Task2", "Task2", "{EEBB7493-42BB-434E-ADBE-12D4E5240118}"
EndProject
Project("{FAE04EC0-301F-11D3-BF4B-00C04F79EFBC}") = "Tyuiu.KolganenkoRV.Sprint5.Task2.V30", "Tyuiu.KolganenkoRV.Sprint5.Task2.V30\Tyuiu.KolganenkoRV.Sprint5.Task2.V30.csproj", "{983C5529-7705-471C-B1F4-E5563235933B}"
EndProject
Project("{FAE04EC0-301F-11D3-BF4B-00C04F79EFBC}") = "Tyuiu.KolganenkoRV.Sprint5.Task2.V30.Lib", "Tyuiu.KolganenkoRV.Sprint5.Task2.V30.Lib\Tyuiu.KolganenkoRV.Sprint5.Task2.V30.Lib.csproj", "{13B18744-EDDD-40D9-A774-4D1B0F6D0A2A}"
EndProject
Project("{FAE04EC0-301F-11D3-BF4B-00C04F79EFBC}") = "Tyuiu.KolganenkoRV.Sprint5.Task2.V30.Test", "Tyuiu.KolganenkoRV.Sprint5.Task2.V30.Test\Tyuiu.KolganenkoRV.Sprint5.Task2.V30.Test.csproj", "{53CD67A0-E728-4F78-8F6A-C2900F797035}"
EndProject
Project("{2150E333-8FDC-42A3-9474-1A3956D46DE8}") = "Task3", "Task3", "{2C5EDB73-3426-4BBF-B302-56EDA4006908}"
EndProject
Project("{FAE04EC0-301F-11D3-BF4B-00C04F79EFBC}") = "Tyuiu.KolganenkoRV.Sprint5.Task3.V9", "Tyuiu.KolganenkoRV.Sprint5.Task3.V9\Tyuiu.KolganenkoRV.Sprint5.Task3.V9.csproj", "{8846C23C-A1F4-477F-AB23-34C1456B11F6}"
EndProject
Project("{FAE04EC0-301F-11D3-BF4B-00C04F79EFBC}") = "Tyuiu.KolganenkoRV.Sprint5.Task3.V9.Lib", "Tyuiu.KolganenkoRV.Sprint5.Task3.V9.Lib\Tyuiu.KolganenkoRV.Sprint5.Task3.V9.Lib.csproj", "{91F9DBEE-5D04-4F4B-941B-81CA70605C90}"
EndProject
Project("{FAE04EC0-301F-11D3-BF4B-00C04F79EFBC}") = "Tyuiu.KolganenkoRV.Sprint5.Task3.V9.Test", "Tyuiu.KolganenkoRV.Sprint5.Task3.V9.Test\Tyuiu.KolganenkoRV.Sprint5.Task3.V9.Test.csproj", "{95856E16-F92F-4434-860E-C83CD4F0DD1E}"
EndProject
Global
	GlobalSection(SolutionConfigurationPlatforms) = preSolution
		Debug|Any CPU = Debug|Any CPU
		Release|Any CPU = Release|Any CPU
	EndGlobalSection
	GlobalSection(ProjectConfigurationPlatforms) = postSolution
		{9A69A2EB-A9E6-470C-AE58-BC6915007653}.Debug|Any CPU.ActiveCfg = Debug|Any CPU
		{9A69A2EB-A9E6-470C-AE58-BC6915007653}.Debug|Any CPU.Build.0 = Debug|Any CPU
		{9A69A2EB-A9E6-470C-AE58-BC6915007653}.Release|Any CPU.ActiveCfg = Release|Any CPU
		{9A69A2EB-A9E6-470C-AE58-BC6915007653}.Release|Any CPU.Build.0 = Release|Any CPU
		{D3F4EC17-1FC6-4D46-81F9-A102F09D2559}.Debug|Any CPU.ActiveCfg = Debug|Any CPU
		{D3F4EC17-1FC6-4D46-81F9-A102F09D2559}.Debug|Any CPU.Build.0 = Debug|Any CPU
		{D3F4EC17-1FC6-4D46-81F9-A102F09D2559}.Release|Any CPU.ActiveCfg = Release|Any CPU
		{D3F4EC17-1FC6-4D46-81F9-A102F09D2559}.Release|Any CPU.Build.0 = Release|Any CPU
		{C50DB869-C11E-4321-B9FD-AB7D4EF20AD7}.Debug|Any CPU.ActiveCfg = Debug|Any CPU
		{C50DB869-C11E-4321-B9FD-AB7D4EF20AD7}.Debug|Any CPU.Build.0 = Debug|Any CPU
		{C50DB869-C11E-4321-B9FD-AB7D4EF20AD7}.Release|Any CPU.ActiveCfg = Release|Any CPU
		{C50DB869-C11E-4321-B9FD-AB7D4EF20AD7}.Release|Any CPU.Build.0 = Release|Any CPU
		{4CBCD7A2-88BD-4314-8888-16E331DE9B49}.Debug|Any CPU.ActiveCfg = Debug|Any CPU
		{4CBCD7A2-88BD-4314-8888-16E331DE9B49}.Debug|Any CPU.Build.0 = Debug|Any CPU
		{4CBCD7A2-88BD-4314-8888-16E331DE9B49}.Release|Any CPU.ActiveCfg = Release|Any CPU
		{4CBCD7A2-88BD-4314-8888-16E331DE9B49}.Release|Any CPU.Build.0 = Release|Any CPU
		{4FFAB49A-9DA7-4BF9-91FB-E8E960E7342B}.Debug|Any CPU.ActiveCfg = Debug|Any CPU
		{4FFAB49A-9DA7-4BF9-91FB-E8E960E7342B}.Debug|Any CPU.Build.0 = Debug|Any CPU
		{4FFAB49A-9DA7-4BF9-91FB-E8E960E7342B}.Release|Any CPU.ActiveCfg = Release|Any CPU
		{4FFAB49A-9DA7-4BF9-91FB-E8E960E7342B}.Release|Any CPU.Build.0 = Release|Any CPU
		{8D9358D5-C0C8-4094-B197-8CFBDA97734B}.Debug|Any CPU.ActiveCfg = Debug|Any CPU
		{8D9358D5-C0C8-4094-B197-8CFBDA97734B}.Debug|Any CPU.Build.0 = Debug|Any CPU
		{8D9358D5-C0C8-4094-B197-8CFBDA97734B}.Release|Any CPU.ActiveCfg = Release|Any CPU
		{8D9358D5-C0C8-4094-B197-8CFBDA97734B}.Release|Any CPU.Build.0 = Release|Any CPU
		{983C5529-7705-471C-B1F4-E5563235933B}.Debug|Any CPU.ActiveCfg = Debug|Any CPU
		{983C5529-7705-471C-B1F4-E5563235933B}.Debug|Any CPU.Build.0 = Debug|Any CPU
		{983C5529-7705-471C-B1F4-E5563235933B}.Release|Any CPU.ActiveCfg = Release|Any CPU
		{983C5529-7705-471C-B1F4-E5563235933B}.Release|Any CPU.Build.0 = Release|Any CPU
		{13B18744-EDDD-40D9-A774-4D1B0F6D0A2A}.Debug|Any CPU.ActiveCfg = Debug|Any CPU
		{13B18744-EDDD-40D9-A774-4D1B0F6D0A2A}.Debug|Any CPU.Build.0 = Debug|Any CPU
		{13B18744-EDDD-40D9-A774-4D1B0F6D0A2A}.Release|Any CPU.ActiveCfg = Release|Any CPU
		{13B18744-EDDD-40D9-A774-4D1B0F6D0A2A}.Release|Any CPU.Build.0 = Release|Any CPU
		{53CD67A0-E728-4F78-8F6A-C2900F797035}.Debug|Any CPU.ActiveCfg = Debug|Any CPU
		{53CD67A0-E728-4F78-8F6A-C2900F797035}.Debug|Any CPU.Build.0 = Debug|Any CPU
		{53CD67A0-E728-4F78-8F6A-C2900F797035}.Release|Any CPU.ActiveCfg = Release|Any CPU
		{53CD67A0-E728-4F78-8F6A-C2900F797035}.Release|Any CPU.Build.0 = Release|Any CPU
		{8846C23C-A1F4-477F-AB23-34C1456B11F6}.Debug|Any CPU.ActiveCfg = Debug|Any CPU
		{8846C23C-A1F4-477F-AB23-34C1456B11F6}.Debug|Any CPU.Build.0 = Debug|Any CPU
		{8846C23C-A1F4-477F-AB23-34C1456B11F6}.Release|Any CPU.ActiveCfg = Release|Any CPU
		{8846C23C-A1F4-477F-AB23-34C1456B11F6}.Release|Any CPU.Build.0 = Release|Any CPU
		{91F9DBEE-5D04-4F4B-941B-81CA70605C90}.Debug|Any CPU.ActiveCfg = Debug|Any CPU
		{91F9DBEE-5D04-4F4B-941B-81CA70605C90}.Debug|Any CPU.Build.0 = Debug|Any CPU
		{91F9DBEE-5D04-4F4B-941B-81CA70605C90}.Release|Any CPU.ActiveCfg = Release|Any CPU
		{91F9DBEE-5D04-4F4B-941B-81CA70605C90}.Release|Any CPU.Build.0 = Release|Any CPU
		{95856E16-F92F-4434-860E-C83CD4F0DD1E}.Debug|Any CPU.ActiveCfg = Debug|Any CPU
		{95856E16-F92F-4434-860E-C83CD4F0DD1E}.Debug|Any CPU.Build.0 = Debug|Any CPU
		{95856E16-F92F-4434-860E-C83CD4F0DD1E}.Release|Any CPU.ActiveCfg = Release|Any CPU
		{95856E16-F92F-4434-860E-C83CD4F0DD1E}.Release|Any CPU.Build.0 = Release|Any CPU
	EndGlobalSection
	GlobalSection(SolutionProperties) = preSolution
		HideSolutionNode = FALSE
	EndGlobalSection
	GlobalSection(NestedProjects) = preSolution
		{9A69A2EB-A9E6-470C-AE58-BC6915007653} = {02EA681E-C7D8-13C7-8484-4AC65E1B71E8}
		{D3F4EC17-1FC6-4D46-81F9-A102F09D2559} = {02EA681E-C7D8-13C7-8484-4AC65E1B71E8}
		{C50DB869-C11E-4321-B9FD-AB7D4EF20AD7} = {02EA681E-C7D8-13C7-8484-4AC65E1B71E8}
		{4CBCD7A2-88BD-4314-8888-16E331DE9B49} = {8D6A16D2-5701-4632-9C1B-58738C756555}
		{4FFAB49A-9DA7-4BF9-91FB-E8E960E7342B} = {8D6A16D2-5701-4632-9C1B-58738C756555}
		{8D9358D5-C0C8-4094-B197-8CFBDA97734B} = {8D6A16D2-5701-4632-9C1B-58738C756555}
		{983C5529-7705-471C-B1F4-E5563235933B} = {EEBB7493-42BB-434E-ADBE-12D4E5240118}
		{13B18744-EDDD-40D9-A774-4D1B0F6D0A2A} = {EEBB7493-42BB-434E-ADBE-12D4E5240118}
		{53CD67A0-E728-4F78-8F6A-C2900F797035} = {EEBB7493-42BB-434E-ADBE-12D4E5240118}
		{8846C23C-A1F4-477F-AB23-34C1456B11F6} = {2C5EDB73-3426-4BBF-B302-56EDA4006908}
		{91F9DBEE-5D04-4F4B-941B-81CA70605C90} = {2C5EDB73-3426-4BBF-B302-56EDA4006908}
		{95856E16-F92F-4434-860E-C83CD4F0DD1E} = {2C5EDB73-3426-4BBF-B302-56EDA4006908}
	EndGlobalSection
	GlobalSection(ExtensibilityGlobals) = postSolution
		SolutionGuid = {68B4467F-0CE0-4F5A-AB15-C2B260C6A825}
	EndGlobalSection
EndGlobal
